
Microsoft Visual Studio Solution File, Format Version 12.00
# Visual Studio Version 17
VisualStudioVersion = 17.7.33920.267
MinimumVisualStudioVersion = 10.0.40219.1
Project("{9A19103F-16F7-4668-BE54-9A1E7A4F7556}") = "logsmall", "logsmall\logsmall.csproj", "{5213D98A-170E-4500-B743-763DE672DCB7}"
EndProject
Project("{9A19103F-16F7-4668-BE54-9A1E7A4F7556}") = "DQ3SFC", "DQ3SFC\DQ3SFC.csproj", "{1D31D8C9-CF58-40D5-90B8-EFE470D45C9D}"
EndProject
Project("{FAE04EC0-301F-11D3-BF4B-00C04F79EFBC}") = "DQ3rAPI", "DQ3rAPI\DQ3rAPI.csproj", "{081A5A9D-946C-4659-B5B1-5C865BB4FFBC}"
EndProject
Project("{FAE04EC0-301F-11D3-BF4B-00C04F79EFBC}") = "DQ3Lib", "DQ3Lib\DQ3Lib.csproj", "{D36D248D-EE53-4DA6-B393-403D8C6EEED5}"
EndProject
Project("{FAE04EC0-301F-11D3-BF4B-00C04F79EFBC}") = "ExtractDQ3", "ExtractDQ3\ExtractDQ3.csproj", "{14024816-C900-42AC-8FE2-131E39BAC64D}"
EndProject
Project("{FAE04EC0-301F-11D3-BF4B-00C04F79EFBC}") = "DW4Lib", "DW4Lib\DW4Lib.csproj", "{DC2C5A85-5A96-4ACE-8E50-AA30E38D4DBC}"
EndProject
Project("{FAE04EC0-301F-11D3-BF4B-00C04F79EFBC}") = "DropToolsLib", "DropToolsLib\DropToolsLib.csproj", "{D63B0721-B301-429A-87FF-0EA1EC986280}"
EndProject
Project("{FAE04EC0-301F-11D3-BF4B-00C04F79EFBC}") = "FFMQLib", "FFMQLib\FFMQLib.csproj", "{244FEC20-333A-48E2-BC92-23824CEC7FB0}"
EndProject
Project("{FAE04EC0-301F-11D3-BF4B-00C04F79EFBC}") = "DW4Extract", "DW4Extract\DW4Extract.csproj", "{79C5BE14-F0F7-45AF-B277-B73A8A7EB14E}"
EndProject
Project("{FAE04EC0-301F-11D3-BF4B-00C04F79EFBC}") = "DW4Lib.Tests", "DW4Lib.Tests\DW4Lib.Tests.csproj", "{684E539C-0C01-476B-A11A-8396DE9EDD1E}"
EndProject
Project("{FAE04EC0-301F-11D3-BF4B-00C04F79EFBC}") = "DQ4rLib", "DQ4rLib\DQ4rLib.csproj", "{417E6E5C-7D8A-43D9-8160-EDB2FE4B047E}"
EndProject
Project("{FAE04EC0-301F-11D3-BF4B-00C04F79EFBC}") = "DQ4rLib.Tests", "DQ4rLib.Tests\DQ4rLib.Tests.csproj", "{A04E057C-2499-44EC-9C67-905BF844D5D0}"
EndProject
Global
	GlobalSection(SolutionConfigurationPlatforms) = preSolution
		Debug|Any CPU = Debug|Any CPU
		Debug|x64 = Debug|x64
		Debug|x86 = Debug|x86
		Release|Any CPU = Release|Any CPU
		Release|x64 = Release|x64
		Release|x86 = Release|x86
	EndGlobalSection
	GlobalSection(ProjectConfigurationPlatforms) = postSolution
		{5213D98A-170E-4500-B743-763DE672DCB7}.Debug|Any CPU.ActiveCfg = Debug|Any CPU
		{5213D98A-170E-4500-B743-763DE672DCB7}.Debug|Any CPU.Build.0 = Debug|Any CPU
		{5213D98A-170E-4500-B743-763DE672DCB7}.Debug|x64.ActiveCfg = Debug|Any CPU
		{5213D98A-170E-4500-B743-763DE672DCB7}.Debug|x64.Build.0 = Debug|Any CPU
		{5213D98A-170E-4500-B743-763DE672DCB7}.Debug|x86.ActiveCfg = Debug|Any CPU
		{5213D98A-170E-4500-B743-763DE672DCB7}.Debug|x86.Build.0 = Debug|Any CPU
		{5213D98A-170E-4500-B743-763DE672DCB7}.Release|Any CPU.ActiveCfg = Release|Any CPU
		{5213D98A-170E-4500-B743-763DE672DCB7}.Release|Any CPU.Build.0 = Release|Any CPU
		{5213D98A-170E-4500-B743-763DE672DCB7}.Release|x64.ActiveCfg = Release|Any CPU
		{5213D98A-170E-4500-B743-763DE672DCB7}.Release|x64.Build.0 = Release|Any CPU
		{5213D98A-170E-4500-B743-763DE672DCB7}.Release|x86.ActiveCfg = Release|Any CPU
		{5213D98A-170E-4500-B743-763DE672DCB7}.Release|x86.Build.0 = Release|Any CPU
		{1D31D8C9-CF58-40D5-90B8-EFE470D45C9D}.Debug|Any CPU.ActiveCfg = Debug|Any CPU
		{1D31D8C9-CF58-40D5-90B8-EFE470D45C9D}.Debug|Any CPU.Build.0 = Debug|Any CPU
		{1D31D8C9-CF58-40D5-90B8-EFE470D45C9D}.Debug|x64.ActiveCfg = Debug|Any CPU
		{1D31D8C9-CF58-40D5-90B8-EFE470D45C9D}.Debug|x64.Build.0 = Debug|Any CPU
		{1D31D8C9-CF58-40D5-90B8-EFE470D45C9D}.Debug|x86.ActiveCfg = Debug|Any CPU
		{1D31D8C9-CF58-40D5-90B8-EFE470D45C9D}.Debug|x86.Build.0 = Debug|Any CPU
		{1D31D8C9-CF58-40D5-90B8-EFE470D45C9D}.Release|Any CPU.ActiveCfg = Release|Any CPU
		{1D31D8C9-CF58-40D5-90B8-EFE470D45C9D}.Release|Any CPU.Build.0 = Release|Any CPU
		{1D31D8C9-CF58-40D5-90B8-EFE470D45C9D}.Release|x64.ActiveCfg = Release|Any CPU
		{1D31D8C9-CF58-40D5-90B8-EFE470D45C9D}.Release|x64.Build.0 = Release|Any CPU
		{1D31D8C9-CF58-40D5-90B8-EFE470D45C9D}.Release|x86.ActiveCfg = Release|Any CPU
		{1D31D8C9-CF58-40D5-90B8-EFE470D45C9D}.Release|x86.Build.0 = Release|Any CPU
		{081A5A9D-946C-4659-B5B1-5C865BB4FFBC}.Debug|Any CPU.ActiveCfg = Debug|Any CPU
		{081A5A9D-946C-4659-B5B1-5C865BB4FFBC}.Debug|Any CPU.Build.0 = Debug|Any CPU
		{081A5A9D-946C-4659-B5B1-5C865BB4FFBC}.Debug|x64.ActiveCfg = Debug|Any CPU
		{081A5A9D-946C-4659-B5B1-5C865BB4FFBC}.Debug|x64.Build.0 = Debug|Any CPU
		{081A5A9D-946C-4659-B5B1-5C865BB4FFBC}.Debug|x86.ActiveCfg = Debug|Any CPU
		{081A5A9D-946C-4659-B5B1-5C865BB4FFBC}.Debug|x86.Build.0 = Debug|Any CPU
		{081A5A9D-946C-4659-B5B1-5C865BB4FFBC}.Release|Any CPU.ActiveCfg = Release|Any CPU
		{081A5A9D-946C-4659-B5B1-5C865BB4FFBC}.Release|Any CPU.Build.0 = Release|Any CPU
		{081A5A9D-946C-4659-B5B1-5C865BB4FFBC}.Release|x64.ActiveCfg = Release|Any CPU
		{081A5A9D-946C-4659-B5B1-5C865BB4FFBC}.Release|x64.Build.0 = Release|Any CPU
		{081A5A9D-946C-4659-B5B1-5C865BB4FFBC}.Release|x86.ActiveCfg = Release|Any CPU
		{081A5A9D-946C-4659-B5B1-5C865BB4FFBC}.Release|x86.Build.0 = Release|Any CPU
		{D36D248D-EE53-4DA6-B393-403D8C6EEED5}.Debug|Any CPU.ActiveCfg = Debug|Any CPU
		{D36D248D-EE53-4DA6-B393-403D8C6EEED5}.Debug|Any CPU.Build.0 = Debug|Any CPU
		{D36D248D-EE53-4DA6-B393-403D8C6EEED5}.Debug|x64.ActiveCfg = Debug|Any CPU
		{D36D248D-EE53-4DA6-B393-403D8C6EEED5}.Debug|x64.Build.0 = Debug|Any CPU
		{D36D248D-EE53-4DA6-B393-403D8C6EEED5}.Debug|x86.ActiveCfg = Debug|Any CPU
		{D36D248D-EE53-4DA6-B393-403D8C6EEED5}.Debug|x86.Build.0 = Debug|Any CPU
		{D36D248D-EE53-4DA6-B393-403D8C6EEED5}.Release|Any CPU.ActiveCfg = Release|Any CPU
		{D36D248D-EE53-4DA6-B393-403D8C6EEED5}.Release|Any CPU.Build.0 = Release|Any CPU
		{D36D248D-EE53-4DA6-B393-403D8C6EEED5}.Release|x64.ActiveCfg = Release|Any CPU
		{D36D248D-EE53-4DA6-B393-403D8C6EEED5}.Release|x64.Build.0 = Release|Any CPU
		{D36D248D-EE53-4DA6-B393-403D8C6EEED5}.Release|x86.ActiveCfg = Release|Any CPU
		{D36D248D-EE53-4DA6-B393-403D8C6EEED5}.Release|x86.Build.0 = Release|Any CPU
		{14024816-C900-42AC-8FE2-131E39BAC64D}.Debug|Any CPU.ActiveCfg = Debug|Any CPU
		{14024816-C900-42AC-8FE2-131E39BAC64D}.Debug|Any CPU.Build.0 = Debug|Any CPU
		{14024816-C900-42AC-8FE2-131E39BAC64D}.Debug|x64.ActiveCfg = Debug|Any CPU
		{14024816-C900-42AC-8FE2-131E39BAC64D}.Debug|x64.Build.0 = Debug|Any CPU
		{14024816-C900-42AC-8FE2-131E39BAC64D}.Debug|x86.ActiveCfg = Debug|Any CPU
		{14024816-C900-42AC-8FE2-131E39BAC64D}.Debug|x86.Build.0 = Debug|Any CPU
		{14024816-C900-42AC-8FE2-131E39BAC64D}.Release|Any CPU.ActiveCfg = Release|Any CPU
		{14024816-C900-42AC-8FE2-131E39BAC64D}.Release|Any CPU.Build.0 = Release|Any CPU
		{14024816-C900-42AC-8FE2-131E39BAC64D}.Release|x64.ActiveCfg = Release|Any CPU
		{14024816-C900-42AC-8FE2-131E39BAC64D}.Release|x64.Build.0 = Release|Any CPU
		{14024816-C900-42AC-8FE2-131E39BAC64D}.Release|x86.ActiveCfg = Release|Any CPU
		{14024816-C900-42AC-8FE2-131E39BAC64D}.Release|x86.Build.0 = Release|Any CPU
		{DC2C5A85-5A96-4ACE-8E50-AA30E38D4DBC}.Debug|Any CPU.ActiveCfg = Debug|Any CPU
		{DC2C5A85-5A96-4ACE-8E50-AA30E38D4DBC}.Debug|Any CPU.Build.0 = Debug|Any CPU
		{DC2C5A85-5A96-4ACE-8E50-AA30E38D4DBC}.Debug|x64.ActiveCfg = Debug|Any CPU
		{DC2C5A85-5A96-4ACE-8E50-AA30E38D4DBC}.Debug|x64.Build.0 = Debug|Any CPU
		{DC2C5A85-5A96-4ACE-8E50-AA30E38D4DBC}.Debug|x86.ActiveCfg = Debug|Any CPU
		{DC2C5A85-5A96-4ACE-8E50-AA30E38D4DBC}.Debug|x86.Build.0 = Debug|Any CPU
		{DC2C5A85-5A96-4ACE-8E50-AA30E38D4DBC}.Release|Any CPU.ActiveCfg = Release|Any CPU
		{DC2C5A85-5A96-4ACE-8E50-AA30E38D4DBC}.Release|Any CPU.Build.0 = Release|Any CPU
		{DC2C5A85-5A96-4ACE-8E50-AA30E38D4DBC}.Release|x64.ActiveCfg = Release|Any CPU
		{DC2C5A85-5A96-4ACE-8E50-AA30E38D4DBC}.Release|x64.Build.0 = Release|Any CPU
		{DC2C5A85-5A96-4ACE-8E50-AA30E38D4DBC}.Release|x86.ActiveCfg = Release|Any CPU
		{DC2C5A85-5A96-4ACE-8E50-AA30E38D4DBC}.Release|x86.Build.0 = Release|Any CPU
		{D63B0721-B301-429A-87FF-0EA1EC986280}.Debug|Any CPU.ActiveCfg = Debug|Any CPU
		{D63B0721-B301-429A-87FF-0EA1EC986280}.Debug|Any CPU.Build.0 = Debug|Any CPU
		{D63B0721-B301-429A-87FF-0EA1EC986280}.Debug|x64.ActiveCfg = Debug|Any CPU
		{D63B0721-B301-429A-87FF-0EA1EC986280}.Debug|x64.Build.0 = Debug|Any CPU
		{D63B0721-B301-429A-87FF-0EA1EC986280}.Debug|x86.ActiveCfg = Debug|Any CPU
		{D63B0721-B301-429A-87FF-0EA1EC986280}.Debug|x86.Build.0 = Debug|Any CPU
		{D63B0721-B301-429A-87FF-0EA1EC986280}.Release|Any CPU.ActiveCfg = Release|Any CPU
		{D63B0721-B301-429A-87FF-0EA1EC986280}.Release|Any CPU.Build.0 = Release|Any CPU
		{D63B0721-B301-429A-87FF-0EA1EC986280}.Release|x64.ActiveCfg = Release|Any CPU
		{D63B0721-B301-429A-87FF-0EA1EC986280}.Release|x64.Build.0 = Release|Any CPU
		{D63B0721-B301-429A-87FF-0EA1EC986280}.Release|x86.ActiveCfg = Release|Any CPU
		{D63B0721-B301-429A-87FF-0EA1EC986280}.Release|x86.Build.0 = Release|Any CPU
		{244FEC20-333A-48E2-BC92-23824CEC7FB0}.Debug|Any CPU.ActiveCfg = Debug|Any CPU
		{244FEC20-333A-48E2-BC92-23824CEC7FB0}.Debug|Any CPU.Build.0 = Debug|Any CPU
		{244FEC20-333A-48E2-BC92-23824CEC7FB0}.Debug|x64.ActiveCfg = Debug|Any CPU
		{244FEC20-333A-48E2-BC92-23824CEC7FB0}.Debug|x64.Build.0 = Debug|Any CPU
		{244FEC20-333A-48E2-BC92-23824CEC7FB0}.Debug|x86.ActiveCfg = Debug|Any CPU
		{244FEC20-333A-48E2-BC92-23824CEC7FB0}.Debug|x86.Build.0 = Debug|Any CPU
		{244FEC20-333A-48E2-BC92-23824CEC7FB0}.Release|Any CPU.ActiveCfg = Release|Any CPU
		{244FEC20-333A-48E2-BC92-23824CEC7FB0}.Release|Any CPU.Build.0 = Release|Any CPU
		{244FEC20-333A-48E2-BC92-23824CEC7FB0}.Release|x64.ActiveCfg = Release|Any CPU
		{244FEC20-333A-48E2-BC92-23824CEC7FB0}.Release|x64.Build.0 = Release|Any CPU
		{244FEC20-333A-48E2-BC92-23824CEC7FB0}.Release|x86.ActiveCfg = Release|Any CPU
		{244FEC20-333A-48E2-BC92-23824CEC7FB0}.Release|x86.Build.0 = Release|Any CPU
		{79C5BE14-F0F7-45AF-B277-B73A8A7EB14E}.Debug|Any CPU.ActiveCfg = Debug|Any CPU
		{79C5BE14-F0F7-45AF-B277-B73A8A7EB14E}.Debug|Any CPU.Build.0 = Debug|Any CPU
		{79C5BE14-F0F7-45AF-B277-B73A8A7EB14E}.Debug|x64.ActiveCfg = Debug|Any CPU
		{79C5BE14-F0F7-45AF-B277-B73A8A7EB14E}.Debug|x64.Build.0 = Debug|Any CPU
		{79C5BE14-F0F7-45AF-B277-B73A8A7EB14E}.Debug|x86.ActiveCfg = Debug|Any CPU
		{79C5BE14-F0F7-45AF-B277-B73A8A7EB14E}.Debug|x86.Build.0 = Debug|Any CPU
		{79C5BE14-F0F7-45AF-B277-B73A8A7EB14E}.Release|Any CPU.ActiveCfg = Release|Any CPU
		{79C5BE14-F0F7-45AF-B277-B73A8A7EB14E}.Release|Any CPU.Build.0 = Release|Any CPU
		{79C5BE14-F0F7-45AF-B277-B73A8A7EB14E}.Release|x64.ActiveCfg = Release|Any CPU
		{79C5BE14-F0F7-45AF-B277-B73A8A7EB14E}.Release|x64.Build.0 = Release|Any CPU
		{79C5BE14-F0F7-45AF-B277-B73A8A7EB14E}.Release|x86.ActiveCfg = Release|Any CPU
		{79C5BE14-F0F7-45AF-B277-B73A8A7EB14E}.Release|x86.Build.0 = Release|Any CPU
		{684E539C-0C01-476B-A11A-8396DE9EDD1E}.Debug|Any CPU.ActiveCfg = Debug|Any CPU
		{684E539C-0C01-476B-A11A-8396DE9EDD1E}.Debug|Any CPU.Build.0 = Debug|Any CPU
		{684E539C-0C01-476B-A11A-8396DE9EDD1E}.Debug|x64.ActiveCfg = Debug|Any CPU
		{684E539C-0C01-476B-A11A-8396DE9EDD1E}.Debug|x64.Build.0 = Debug|Any CPU
		{684E539C-0C01-476B-A11A-8396DE9EDD1E}.Debug|x86.ActiveCfg = Debug|Any CPU
		{684E539C-0C01-476B-A11A-8396DE9EDD1E}.Debug|x86.Build.0 = Debug|Any CPU
		{684E539C-0C01-476B-A11A-8396DE9EDD1E}.Release|Any CPU.ActiveCfg = Release|Any CPU
		{684E539C-0C01-476B-A11A-8396DE9EDD1E}.Release|Any CPU.Build.0 = Release|Any CPU
		{684E539C-0C01-476B-A11A-8396DE9EDD1E}.Release|x64.ActiveCfg = Release|Any CPU
		{684E539C-0C01-476B-A11A-8396DE9EDD1E}.Release|x64.Build.0 = Release|Any CPU
		{684E539C-0C01-476B-A11A-8396DE9EDD1E}.Release|x86.ActiveCfg = Release|Any CPU
		{684E539C-0C01-476B-A11A-8396DE9EDD1E}.Release|x86.Build.0 = Release|Any CPU
		{417E6E5C-7D8A-43D9-8160-EDB2FE4B047E}.Debug|Any CPU.ActiveCfg = Debug|Any CPU
		{417E6E5C-7D8A-43D9-8160-EDB2FE4B047E}.Debug|Any CPU.Build.0 = Debug|Any CPU
		{417E6E5C-7D8A-43D9-8160-EDB2FE4B047E}.Debug|x64.ActiveCfg = Debug|Any CPU
		{417E6E5C-7D8A-43D9-8160-EDB2FE4B047E}.Debug|x64.Build.0 = Debug|Any CPU
		{417E6E5C-7D8A-43D9-8160-EDB2FE4B047E}.Debug|x86.ActiveCfg = Debug|Any CPU
		{417E6E5C-7D8A-43D9-8160-EDB2FE4B047E}.Debug|x86.Build.0 = Debug|Any CPU
		{417E6E5C-7D8A-43D9-8160-EDB2FE4B047E}.Release|Any CPU.ActiveCfg = Release|Any CPU
		{417E6E5C-7D8A-43D9-8160-EDB2FE4B047E}.Release|Any CPU.Build.0 = Release|Any CPU
		{417E6E5C-7D8A-43D9-8160-EDB2FE4B047E}.Release|x64.ActiveCfg = Release|Any CPU
		{417E6E5C-7D8A-43D9-8160-EDB2FE4B047E}.Release|x64.Build.0 = Release|Any CPU
		{417E6E5C-7D8A-43D9-8160-EDB2FE4B047E}.Release|x86.ActiveCfg = Release|Any CPU
		{417E6E5C-7D8A-43D9-8160-EDB2FE4B047E}.Release|x86.Build.0 = Release|Any CPU
		{A04E057C-2499-44EC-9C67-905BF844D5D0}.Debug|Any CPU.ActiveCfg = Debug|Any CPU
		{A04E057C-2499-44EC-9C67-905BF844D5D0}.Debug|Any CPU.Build.0 = Debug|Any CPU
		{A04E057C-2499-44EC-9C67-905BF844D5D0}.Debug|x64.ActiveCfg = Debug|Any CPU
		{A04E057C-2499-44EC-9C67-905BF844D5D0}.Debug|x64.Build.0 = Debug|Any CPU
		{A04E057C-2499-44EC-9C67-905BF844D5D0}.Debug|x86.ActiveCfg = Debug|Any CPU
		{A04E057C-2499-44EC-9C67-905BF844D5D0}.Debug|x86.Build.0 = Debug|Any CPU
		{A04E057C-2499-44EC-9C67-905BF844D5D0}.Release|Any CPU.ActiveCfg = Release|Any CPU
		{A04E057C-2499-44EC-9C67-905BF844D5D0}.Release|Any CPU.Build.0 = Release|Any CPU
		{A04E057C-2499-44EC-9C67-905BF844D5D0}.Release|x64.ActiveCfg = Release|Any CPU
		{A04E057C-2499-44EC-9C67-905BF844D5D0}.Release|x64.Build.0 = Release|Any CPU
		{A04E057C-2499-44EC-9C67-905BF844D5D0}.Release|x86.ActiveCfg = Release|Any CPU
		{A04E057C-2499-44EC-9C67-905BF844D5D0}.Release|x86.Build.0 = Release|Any CPU
	EndGlobalSection
	GlobalSection(SolutionProperties) = preSolution
		HideSolutionNode = FALSE
	EndGlobalSection
	GlobalSection(ExtensibilityGlobals) = postSolution
		SolutionGuid = {6C122968-D900-48D9-A25B-DDD52A61AA3D}
	EndGlobalSection
EndGlobal
