
Microsoft Visual Studio Solution File, Format Version 12.00
# Visual Studio Version 16
VisualStudioVersion = 16.0.28922.388
MinimumVisualStudioVersion = 10.0.40219.1
Project("{9A19103F-16F7-4668-BE54-9A1E7A4F7556}") = "logsmall", "logsmall\logsmall.csproj", "{5213D98A-170E-4500-B743-763DE672DCB7}"
EndProject
Project("{9A19103F-16F7-4668-BE54-9A1E7A4F7556}") = "EditorTests", "EditorTests\EditorTests.csproj", "{86E3EE2E-7F24-4354-8C51-1BAD2A4DC94B}"
EndProject
Project("{9A19103F-16F7-4668-BE54-9A1E7A4F7556}") = "EditorTestsWinforms", "EditorTestsWinforms\EditorTestsWinforms.csproj", "{EDBB298E-15AC-4AF0-8CEB-78C4B4C86883}"
EndProject
Project("{9A19103F-16F7-4668-BE54-9A1E7A4F7556}") = "DQ3SFC", "DQ3SFC\DQ3SFC.csproj", "{1D31D8C9-CF58-40D5-90B8-EFE470D45C9D}"
EndProject
Global
	GlobalSection(SolutionConfigurationPlatforms) = preSolution
		Debug|Any CPU = Debug|Any CPU
		Release|Any CPU = Release|Any CPU
	EndGlobalSection
	GlobalSection(ProjectConfigurationPlatforms) = postSolution
		{5213D98A-170E-4500-B743-763DE672DCB7}.Debug|Any CPU.ActiveCfg = Debug|Any CPU
		{5213D98A-170E-4500-B743-763DE672DCB7}.Debug|Any CPU.Build.0 = Debug|Any CPU
		{5213D98A-170E-4500-B743-763DE672DCB7}.Release|Any CPU.ActiveCfg = Release|Any CPU
		{5213D98A-170E-4500-B743-763DE672DCB7}.Release|Any CPU.Build.0 = Release|Any CPU
		{86E3EE2E-7F24-4354-8C51-1BAD2A4DC94B}.Debug|Any CPU.ActiveCfg = Debug|Any CPU
		{86E3EE2E-7F24-4354-8C51-1BAD2A4DC94B}.Debug|Any CPU.Build.0 = Debug|Any CPU
		{86E3EE2E-7F24-4354-8C51-1BAD2A4DC94B}.Release|Any CPU.ActiveCfg = Release|Any CPU
		{86E3EE2E-7F24-4354-8C51-1BAD2A4DC94B}.Release|Any CPU.Build.0 = Release|Any CPU
		{EDBB298E-15AC-4AF0-8CEB-78C4B4C86883}.Debug|Any CPU.ActiveCfg = Debug|Any CPU
		{EDBB298E-15AC-4AF0-8CEB-78C4B4C86883}.Debug|Any CPU.Build.0 = Debug|Any CPU
		{EDBB298E-15AC-4AF0-8CEB-78C4B4C86883}.Release|Any CPU.ActiveCfg = Release|Any CPU
		{EDBB298E-15AC-4AF0-8CEB-78C4B4C86883}.Release|Any CPU.Build.0 = Release|Any CPU
		{1D31D8C9-CF58-40D5-90B8-EFE470D45C9D}.Debug|Any CPU.ActiveCfg = Debug|Any CPU
		{1D31D8C9-CF58-40D5-90B8-EFE470D45C9D}.Debug|Any CPU.Build.0 = Debug|Any CPU
		{1D31D8C9-CF58-40D5-90B8-EFE470D45C9D}.Release|Any CPU.ActiveCfg = Release|Any CPU
		{1D31D8C9-CF58-40D5-90B8-EFE470D45C9D}.Release|Any CPU.Build.0 = Release|Any CPU
	EndGlobalSection
	GlobalSection(SolutionProperties) = preSolution
		HideSolutionNode = FALSE
	EndGlobalSection
	GlobalSection(ExtensibilityGlobals) = postSolution
		SolutionGuid = {6C122968-D900-48D9-A25B-DDD52A61AA3D}
	EndGlobalSection
EndGlobal
