
Microsoft Visual Studio Solution File, Format Version 12.00
# Visual Studio Version 16
VisualStudioVersion = 16.0.28922.388
MinimumVisualStudioVersion = 10.0.40219.1
Project("{FAE04EC0-301F-11D3-BF4B-00C04F79EFBC}") = "logsmall", "logsmall.csproj", "{5213D98A-170E-4500-B743-763DE672DCB7}"
EndProject
Project("{FAE04EC0-301F-11D3-BF4B-00C04F79EFBC}") = "EditorTests", "..\EditorTests\EditorTests.csproj", "{A8861972-9319-47ED-9EF2-52BDF273B081}"
EndProject
Global
	GlobalSection(SolutionConfigurationPlatforms) = preSolution
		Debug|Any CPU = Debug|Any CPU
		Release|Any CPU = Release|Any CPU
	EndGlobalSection
	GlobalSection(ProjectConfigurationPlatforms) = postSolution
		{5213D98A-170E-4500-B743-763DE672DCB7}.Debug|Any CPU.ActiveCfg = Debug|Any CPU
		{5213D98A-170E-4500-B743-763DE672DCB7}.Debug|Any CPU.Build.0 = Debug|Any CPU
		{5213D98A-170E-4500-B743-763DE672DCB7}.Release|Any CPU.ActiveCfg = Release|Any CPU
		{5213D98A-170E-4500-B743-763DE672DCB7}.Release|Any CPU.Build.0 = Release|Any CPU
		{A8861972-9319-47ED-9EF2-52BDF273B081}.Debug|Any CPU.ActiveCfg = Debug|Any CPU
		{A8861972-9319-47ED-9EF2-52BDF273B081}.Debug|Any CPU.Build.0 = Debug|Any CPU
		{A8861972-9319-47ED-9EF2-52BDF273B081}.Release|Any CPU.ActiveCfg = Release|Any CPU
		{A8861972-9319-47ED-9EF2-52BDF273B081}.Release|Any CPU.Build.0 = Release|Any CPU
	EndGlobalSection
	GlobalSection(SolutionProperties) = preSolution
		HideSolutionNode = FALSE
	EndGlobalSection
	GlobalSection(ExtensibilityGlobals) = postSolution
		SolutionGuid = {6C122968-D900-48D9-A25B-DDD52A61AA3D}
	EndGlobalSection
EndGlobal
